
Microsoft Visual Studio Solution File, Format Version 12.00
# Visual Studio Version 17
VisualStudioVersion = 17.0.32014.148
MinimumVisualStudioVersion = 10.0.40219.1
Project("{FAE04EC0-301F-11D3-BF4B-00C04F79EFBC}") = "Week3Switch", "Week3Switch\Week3Switch.csproj", "{22EAA873-28CF-449E-AF16-581C92FCB9EF}"
EndProject
Project("{FAE04EC0-301F-11D3-BF4B-00C04F79EFBC}") = "Week3RemainderOperator", "Week3RemainderOperator\Week3RemainderOperator.csproj", "{07F90827-059F-433F-BCA8-AB152943C305}"
EndProject
Global
	GlobalSection(SolutionConfigurationPlatforms) = preSolution
		Debug|Any CPU = Debug|Any CPU
		Release|Any CPU = Release|Any CPU
	EndGlobalSection
	GlobalSection(ProjectConfigurationPlatforms) = postSolution
		{22EAA873-28CF-449E-AF16-581C92FCB9EF}.Debug|Any CPU.ActiveCfg = Debug|Any CPU
		{22EAA873-28CF-449E-AF16-581C92FCB9EF}.Debug|Any CPU.Build.0 = Debug|Any CPU
		{22EAA873-28CF-449E-AF16-581C92FCB9EF}.Release|Any CPU.ActiveCfg = Release|Any CPU
		{22EAA873-28CF-449E-AF16-581C92FCB9EF}.Release|Any CPU.Build.0 = Release|Any CPU
		{07F90827-059F-433F-BCA8-AB152943C305}.Debug|Any CPU.ActiveCfg = Debug|Any CPU
		{07F90827-059F-433F-BCA8-AB152943C305}.Debug|Any CPU.Build.0 = Debug|Any CPU
		{07F90827-059F-433F-BCA8-AB152943C305}.Release|Any CPU.ActiveCfg = Release|Any CPU
		{07F90827-059F-433F-BCA8-AB152943C305}.Release|Any CPU.Build.0 = Release|Any CPU
	EndGlobalSection
	GlobalSection(SolutionProperties) = preSolution
		HideSolutionNode = FALSE
	EndGlobalSection
	GlobalSection(ExtensibilityGlobals) = postSolution
		SolutionGuid = {003161E1-DB55-4376-BDB4-FA63B746E3D0}
	EndGlobalSection
EndGlobal
